
Microsoft Visual Studio Solution File, Format Version 12.00
# Visual Studio 15
VisualStudioVersion = 15.0.26014.0
MinimumVisualStudioVersion = 10.0.40219.1
Project("{FAE04EC0-301F-11D3-BF4B-00C04F79EFBC}") = "PMApi", "Code\PMApi\PMApi.csproj", "{08173986-049B-4F5A-BD52-9840AB343A52}"
EndProject
Project("{FAE04EC0-301F-11D3-BF4B-00C04F79EFBC}") = "PMWeb", "Code\PMWeb\PMWeb.csproj", "{5633ADF4-7243-4BA4-ACC6-6A2477FB44DD}"
EndProject
Project("{FAE04EC0-301F-11D3-BF4B-00C04F79EFBC}") = "PMPriceEngine", "Code\PMPriceEngine\PMPriceEngine.csproj", "{FE526D8E-2640-410B-931D-9FD94802A16E}"
EndProject
Global
	GlobalSection(SolutionConfigurationPlatforms) = preSolution
		Debug|Any CPU = Debug|Any CPU
		Release|Any CPU = Release|Any CPU
	EndGlobalSection
	GlobalSection(ProjectConfigurationPlatforms) = postSolution
		{08173986-049B-4F5A-BD52-9840AB343A52}.Debug|Any CPU.ActiveCfg = Debug|Any CPU
		{08173986-049B-4F5A-BD52-9840AB343A52}.Debug|Any CPU.Build.0 = Debug|Any CPU
		{08173986-049B-4F5A-BD52-9840AB343A52}.Release|Any CPU.ActiveCfg = Release|Any CPU
		{08173986-049B-4F5A-BD52-9840AB343A52}.Release|Any CPU.Build.0 = Release|Any CPU
		{5633ADF4-7243-4BA4-ACC6-6A2477FB44DD}.Debug|Any CPU.ActiveCfg = Debug|Any CPU
		{5633ADF4-7243-4BA4-ACC6-6A2477FB44DD}.Debug|Any CPU.Build.0 = Debug|Any CPU
		{5633ADF4-7243-4BA4-ACC6-6A2477FB44DD}.Release|Any CPU.ActiveCfg = Release|Any CPU
		{5633ADF4-7243-4BA4-ACC6-6A2477FB44DD}.Release|Any CPU.Build.0 = Release|Any CPU
		{FE526D8E-2640-410B-931D-9FD94802A16E}.Debug|Any CPU.ActiveCfg = Debug|Any CPU
		{FE526D8E-2640-410B-931D-9FD94802A16E}.Debug|Any CPU.Build.0 = Debug|Any CPU
		{FE526D8E-2640-410B-931D-9FD94802A16E}.Release|Any CPU.ActiveCfg = Release|Any CPU
		{FE526D8E-2640-410B-931D-9FD94802A16E}.Release|Any CPU.Build.0 = Release|Any CPU
	EndGlobalSection
	GlobalSection(SolutionProperties) = preSolution
		HideSolutionNode = FALSE
	EndGlobalSection
EndGlobal
